// !$*UTF8*$!
{
	archiveVersion = 1;
	classes = {
	};
	objectVersion = 56;
	objects = {

/* Begin PBXBuildFile section */
		9E35D8102C0F9E5E00DF87A6 /* CaCl2ManualApp.swift in Sources */ = {isa = PBXBuildFile; fileRef = 9E35D80F2C0F9E5E00DF87A6 /* CaCl2ManualApp.swift */; };
		9E35D8122C0F9E5E00DF87A6 /* CaCl_Home.swift in Sources */ = {isa = PBXBuildFile; fileRef = 9E35D8112C0F9E5E00DF87A6 /* CaCl_Home.swift */; };
		9E35D8142C0F9E5F00DF87A6 /* Assets.xcassets in Resources */ = {isa = PBXBuildFile; fileRef = 9E35D8132C0F9E5F00DF87A6 /* Assets.xcassets */; };
		9E35D8172C0F9E5F00DF87A6 /* Preview Assets.xcassets in Resources */ = {isa = PBXBuildFile; fileRef = 9E35D8162C0F9E5F00DF87A6 /* Preview Assets.xcassets */; };
		9E35D8212C0F9E5F00DF87A6 /* CaCl2ManualTests.swift in Sources */ = {isa = PBXBuildFile; fileRef = 9E35D8202C0F9E5F00DF87A6 /* CaCl2ManualTests.swift */; };
		9E35D82B2C0F9E5F00DF87A6 /* CaCl2ManualUITests.swift in Sources */ = {isa = PBXBuildFile; fileRef = 9E35D82A2C0F9E5F00DF87A6 /* CaCl2ManualUITests.swift */; };
		9E35D82D2C0F9E5F00DF87A6 /* CaCl2ManualUITestsLaunchTests.swift in Sources */ = {isa = PBXBuildFile; fileRef = 9E35D82C2C0F9E5F00DF87A6 /* CaCl2ManualUITestsLaunchTests.swift */; };
		9E35D83A2C0FA78E00DF87A6 /* CaCl_Uses.swift in Sources */ = {isa = PBXBuildFile; fileRef = 9E35D8392C0FA78E00DF87A6 /* CaCl_Uses.swift */; };
		9E35D83E2C0FAED100DF87A6 /* CaCl_Instructions.swift in Sources */ = {isa = PBXBuildFile; fileRef = 9E35D83D2C0FAED100DF87A6 /* CaCl_Instructions.swift */; };
		9E35D8442C1903DC00DF87A6 /* CaCl_Safety.swift in Sources */ = {isa = PBXBuildFile; fileRef = 9E35D8432C1903DC00DF87A6 /* CaCl_Safety.swift */; };
		9EAB91842C4ECD8D0080521E /* CaCl_Calculator.swift in Sources */ = {isa = PBXBuildFile; fileRef = 9EAB91832C4ECD8D0080521E /* CaCl_Calculator.swift */; };
/* End PBXBuildFile section */

/* Begin PBXContainerItemProxy section */
		9E35D81D2C0F9E5F00DF87A6 /* PBXContainerItemProxy */ = {
			isa = PBXContainerItemProxy;
			containerPortal = 9E35D8042C0F9E5E00DF87A6 /* Project object */;
			proxyType = 1;
			remoteGlobalIDString = 9E35D80B2C0F9E5E00DF87A6;
			remoteInfo = CaCl2Manual;
		};
		9E35D8272C0F9E5F00DF87A6 /* PBXContainerItemProxy */ = {
			isa = PBXContainerItemProxy;
			containerPortal = 9E35D8042C0F9E5E00DF87A6 /* Project object */;
			proxyType = 1;
			remoteGlobalIDString = 9E35D80B2C0F9E5E00DF87A6;
			remoteInfo = CaCl2Manual;
		};
/* End PBXContainerItemProxy section */

/* Begin PBXFileReference section */
		9E35D80C2C0F9E5E00DF87A6 /* CaCl2Manual.app */ = {isa = PBXFileReference; explicitFileType = wrapper.application; includeInIndex = 0; path = CaCl2Manual.app; sourceTree = BUILT_PRODUCTS_DIR; };
		9E35D80F2C0F9E5E00DF87A6 /* CaCl2ManualApp.swift */ = {isa = PBXFileReference; lastKnownFileType = sourcecode.swift; path = CaCl2ManualApp.swift; sourceTree = "<group>"; };
		9E35D8112C0F9E5E00DF87A6 /* CaCl_Home.swift */ = {isa = PBXFileReference; indentWidth = 4; lastKnownFileType = sourcecode.swift; path = CaCl_Home.swift; sourceTree = "<group>"; };
		9E35D8132C0F9E5F00DF87A6 /* Assets.xcassets */ = {isa = PBXFileReference; lastKnownFileType = folder.assetcatalog; path = Assets.xcassets; sourceTree = "<group>"; };
		9E35D8162C0F9E5F00DF87A6 /* Preview Assets.xcassets */ = {isa = PBXFileReference; lastKnownFileType = folder.assetcatalog; path = "Preview Assets.xcassets"; sourceTree = "<group>"; };
		9E35D81C2C0F9E5F00DF87A6 /* CaCl2ManualTests.xctest */ = {isa = PBXFileReference; explicitFileType = wrapper.cfbundle; includeInIndex = 0; path = CaCl2ManualTests.xctest; sourceTree = BUILT_PRODUCTS_DIR; };
		9E35D8202C0F9E5F00DF87A6 /* CaCl2ManualTests.swift */ = {isa = PBXFileReference; lastKnownFileType = sourcecode.swift; path = CaCl2ManualTests.swift; sourceTree = "<group>"; };
		9E35D8262C0F9E5F00DF87A6 /* CaCl2ManualUITests.xctest */ = {isa = PBXFileReference; explicitFileType = wrapper.cfbundle; includeInIndex = 0; path = CaCl2ManualUITests.xctest; sourceTree = BUILT_PRODUCTS_DIR; };
		9E35D82A2C0F9E5F00DF87A6 /* CaCl2ManualUITests.swift */ = {isa = PBXFileReference; lastKnownFileType = sourcecode.swift; path = CaCl2ManualUITests.swift; sourceTree = "<group>"; };
		9E35D82C2C0F9E5F00DF87A6 /* CaCl2ManualUITestsLaunchTests.swift */ = {isa = PBXFileReference; lastKnownFileType = sourcecode.swift; path = CaCl2ManualUITestsLaunchTests.swift; sourceTree = "<group>"; };
		9E35D8392C0FA78E00DF87A6 /* CaCl_Uses.swift */ = {isa = PBXFileReference; lastKnownFileType = sourcecode.swift; path = CaCl_Uses.swift; sourceTree = "<group>"; };
		9E35D83D2C0FAED100DF87A6 /* CaCl_Instructions.swift */ = {isa = PBXFileReference; lastKnownFileType = sourcecode.swift; path = CaCl_Instructions.swift; sourceTree = "<group>"; };
		9E35D8432C1903DC00DF87A6 /* CaCl_Safety.swift */ = {isa = PBXFileReference; lastKnownFileType = sourcecode.swift; path = CaCl_Safety.swift; sourceTree = "<group>"; };
		9EAB91832C4ECD8D0080521E /* CaCl_Calculator.swift */ = {isa = PBXFileReference; lastKnownFileType = sourcecode.swift; path = CaCl_Calculator.swift; sourceTree = "<group>"; };
/* End PBXFileReference section */

/* Begin PBXFrameworksBuildPhase section */
		9E35D8092C0F9E5E00DF87A6 /* Frameworks */ = {
			isa = PBXFrameworksBuildPhase;
			buildActionMask = 2147483647;
			files = (
			);
			runOnlyForDeploymentPostprocessing = 0;
		};
		9E35D8192C0F9E5F00DF87A6 /* Frameworks */ = {
			isa = PBXFrameworksBuildPhase;
			buildActionMask = 2147483647;
			files = (
			);
			runOnlyForDeploymentPostprocessing = 0;
		};
		9E35D8232C0F9E5F00DF87A6 /* Frameworks */ = {
			isa = PBXFrameworksBuildPhase;
			buildActionMask = 2147483647;
			files = (
			);
			runOnlyForDeploymentPostprocessing = 0;
		};
/* End PBXFrameworksBuildPhase section */

/* Begin PBXGroup section */
		9E35D8032C0F9E5E00DF87A6 = {
			isa = PBXGroup;
			children = (
				9E35D80E2C0F9E5E00DF87A6 /* CaCl2Manual */,
				9E35D81F2C0F9E5F00DF87A6 /* CaCl2ManualTests */,
				9E35D8292C0F9E5F00DF87A6 /* CaCl2ManualUITests */,
				9E35D80D2C0F9E5E00DF87A6 /* Products */,
			);
			sourceTree = "<group>";
		};
		9E35D80D2C0F9E5E00DF87A6 /* Products */ = {
			isa = PBXGroup;
			children = (
				9E35D80C2C0F9E5E00DF87A6 /* CaCl2Manual.app */,
				9E35D81C2C0F9E5F00DF87A6 /* CaCl2ManualTests.xctest */,
				9E35D8262C0F9E5F00DF87A6 /* CaCl2ManualUITests.xctest */,
			);
			name = Products;
			sourceTree = "<group>";
		};
		9E35D80E2C0F9E5E00DF87A6 /* CaCl2Manual */ = {
			isa = PBXGroup;
			children = (
				9E35D80F2C0F9E5E00DF87A6 /* CaCl2ManualApp.swift */,
				9E35D8112C0F9E5E00DF87A6 /* CaCl_Home.swift */,
				9E35D8392C0FA78E00DF87A6 /* CaCl_Uses.swift */,
				9E35D83D2C0FAED100DF87A6 /* CaCl_Instructions.swift */,
				9E35D8432C1903DC00DF87A6 /* CaCl_Safety.swift */,
				9EAB91832C4ECD8D0080521E /* CaCl_Calculator.swift */,
				9E35D8132C0F9E5F00DF87A6 /* Assets.xcassets */,
				9E35D8152C0F9E5F00DF87A6 /* Preview Content */,
			);
			path = CaCl2Manual;
			sourceTree = "<group>";
		};
		9E35D8152C0F9E5F00DF87A6 /* Preview Content */ = {
			isa = PBXGroup;
			children = (
				9E35D8162C0F9E5F00DF87A6 /* Preview Assets.xcassets */,
			);
			path = "Preview Content";
			sourceTree = "<group>";
		};
		9E35D81F2C0F9E5F00DF87A6 /* CaCl2ManualTests */ = {
			isa = PBXGroup;
			children = (
				9E35D8202C0F9E5F00DF87A6 /* CaCl2ManualTests.swift */,
			);
			path = CaCl2ManualTests;
			sourceTree = "<group>";
		};
		9E35D8292C0F9E5F00DF87A6 /* CaCl2ManualUITests */ = {
			isa = PBXGroup;
			children = (
				9E35D82A2C0F9E5F00DF87A6 /* CaCl2ManualUITests.swift */,
				9E35D82C2C0F9E5F00DF87A6 /* CaCl2ManualUITestsLaunchTests.swift */,
			);
			path = CaCl2ManualUITests;
			sourceTree = "<group>";
		};
/* End PBXGroup section */

/* Begin PBXNativeTarget section */
		9E35D80B2C0F9E5E00DF87A6 /* CaCl2Manual */ = {
			isa = PBXNativeTarget;
			buildConfigurationList = 9E35D8302C0F9E5F00DF87A6 /* Build configuration list for PBXNativeTarget "CaCl2Manual" */;
			buildPhases = (
				9E35D8082C0F9E5E00DF87A6 /* Sources */,
				9E35D8092C0F9E5E00DF87A6 /* Frameworks */,
				9E35D80A2C0F9E5E00DF87A6 /* Resources */,
			);
			buildRules = (
			);
			dependencies = (
			);
			name = CaCl2Manual;
			productName = CaCl2Manual;
			productReference = 9E35D80C2C0F9E5E00DF87A6 /* CaCl2Manual.app */;
			productType = "com.apple.product-type.application";
		};
		9E35D81B2C0F9E5F00DF87A6 /* CaCl2ManualTests */ = {
			isa = PBXNativeTarget;
			buildConfigurationList = 9E35D8332C0F9E5F00DF87A6 /* Build configuration list for PBXNativeTarget "CaCl2ManualTests" */;
			buildPhases = (
				9E35D8182C0F9E5F00DF87A6 /* Sources */,
				9E35D8192C0F9E5F00DF87A6 /* Frameworks */,
				9E35D81A2C0F9E5F00DF87A6 /* Resources */,
			);
			buildRules = (
			);
			dependencies = (
				9E35D81E2C0F9E5F00DF87A6 /* PBXTargetDependency */,
			);
			name = CaCl2ManualTests;
			productName = CaCl2ManualTests;
			productReference = 9E35D81C2C0F9E5F00DF87A6 /* CaCl2ManualTests.xctest */;
			productType = "com.apple.product-type.bundle.unit-test";
		};
		9E35D8252C0F9E5F00DF87A6 /* CaCl2ManualUITests */ = {
			isa = PBXNativeTarget;
			buildConfigurationList = 9E35D8362C0F9E5F00DF87A6 /* Build configuration list for PBXNativeTarget "CaCl2ManualUITests" */;
			buildPhases = (
				9E35D8222C0F9E5F00DF87A6 /* Sources */,
				9E35D8232C0F9E5F00DF87A6 /* Frameworks */,
				9E35D8242C0F9E5F00DF87A6 /* Resources */,
			);
			buildRules = (
			);
			dependencies = (
				9E35D8282C0F9E5F00DF87A6 /* PBXTargetDependency */,
			);
			name = CaCl2ManualUITests;
			productName = CaCl2ManualUITests;
			productReference = 9E35D8262C0F9E5F00DF87A6 /* CaCl2ManualUITests.xctest */;
			productType = "com.apple.product-type.bundle.ui-testing";
		};
/* End PBXNativeTarget section */

/* Begin PBXProject section */
		9E35D8042C0F9E5E00DF87A6 /* Project object */ = {
			isa = PBXProject;
			attributes = {
				BuildIndependentTargetsInParallel = 1;
				LastSwiftUpdateCheck = 1540;
				LastUpgradeCheck = 1540;
				TargetAttributes = {
					9E35D80B2C0F9E5E00DF87A6 = {
						CreatedOnToolsVersion = 15.4;
					};
					9E35D81B2C0F9E5F00DF87A6 = {
						CreatedOnToolsVersion = 15.4;
						TestTargetID = 9E35D80B2C0F9E5E00DF87A6;
					};
					9E35D8252C0F9E5F00DF87A6 = {
						CreatedOnToolsVersion = 15.4;
						TestTargetID = 9E35D80B2C0F9E5E00DF87A6;
					};
				};
			};
			buildConfigurationList = 9E35D8072C0F9E5E00DF87A6 /* Build configuration list for PBXProject "CaCl2Manual" */;
			compatibilityVersion = "Xcode 14.0";
			developmentRegion = en;
			hasScannedForEncodings = 0;
			knownRegions = (
				en,
				Base,
			);
			mainGroup = 9E35D8032C0F9E5E00DF87A6;
			productRefGroup = 9E35D80D2C0F9E5E00DF87A6 /* Products */;
			projectDirPath = "";
			projectRoot = "";
			targets = (
				9E35D80B2C0F9E5E00DF87A6 /* CaCl2Manual */,
				9E35D81B2C0F9E5F00DF87A6 /* CaCl2ManualTests */,
				9E35D8252C0F9E5F00DF87A6 /* CaCl2ManualUITests */,
			);
		};
/* End PBXProject section */

/* Begin PBXResourcesBuildPhase section */
		9E35D80A2C0F9E5E00DF87A6 /* Resources */ = {
			isa = PBXResourcesBuildPhase;
			buildActionMask = 2147483647;
			files = (
				9E35D8172C0F9E5F00DF87A6 /* Preview Assets.xcassets in Resources */,
				9E35D8142C0F9E5F00DF87A6 /* Assets.xcassets in Resources */,
			);
			runOnlyForDeploymentPostprocessing = 0;
		};
		9E35D81A2C0F9E5F00DF87A6 /* Resources */ = {
			isa = PBXResourcesBuildPhase;
			buildActionMask = 2147483647;
			files = (
			);
			runOnlyForDeploymentPostprocessing = 0;
		};
		9E35D8242C0F9E5F00DF87A6 /* Resources */ = {
			isa = PBXResourcesBuildPhase;
			buildActionMask = 2147483647;
			files = (
			);
			runOnlyForDeploymentPostprocessing = 0;
		};
/* End PBXResourcesBuildPhase section */

/* Begin PBXSourcesBuildPhase section */
		9E35D8082C0F9E5E00DF87A6 /* Sources */ = {
			isa = PBXSourcesBuildPhase;
			buildActionMask = 2147483647;
			files = (
				9EAB91842C4ECD8D0080521E /* CaCl_Calculator.swift in Sources */,
				9E35D8122C0F9E5E00DF87A6 /* CaCl_Home.swift in Sources */,
				9E35D83E2C0FAED100DF87A6 /* CaCl_Instructions.swift in Sources */,
				9E35D8102C0F9E5E00DF87A6 /* CaCl2ManualApp.swift in Sources */,
				9E35D8442C1903DC00DF87A6 /* CaCl_Safety.swift in Sources */,
				9E35D83A2C0FA78E00DF87A6 /* CaCl_Uses.swift in Sources */,
			);
			runOnlyForDeploymentPostprocessing = 0;
		};
		9E35D8182C0F9E5F00DF87A6 /* Sources */ = {
			isa = PBXSourcesBuildPhase;
			buildActionMask = 2147483647;
			files = (
				9E35D8212C0F9E5F00DF87A6 /* CaCl2ManualTests.swift in Sources */,
			);
			runOnlyForDeploymentPostprocessing = 0;
		};
		9E35D8222C0F9E5F00DF87A6 /* Sources */ = {
			isa = PBXSourcesBuildPhase;
			buildActionMask = 2147483647;
			files = (
				9E35D82D2C0F9E5F00DF87A6 /* CaCl2ManualUITestsLaunchTests.swift in Sources */,
				9E35D82B2C0F9E5F00DF87A6 /* CaCl2ManualUITests.swift in Sources */,
			);
			runOnlyForDeploymentPostprocessing = 0;
		};
/* End PBXSourcesBuildPhase section */

/* Begin PBXTargetDependency section */
		9E35D81E2C0F9E5F00DF87A6 /* PBXTargetDependency */ = {
			isa = PBXTargetDependency;
			target = 9E35D80B2C0F9E5E00DF87A6 /* CaCl2Manual */;
			targetProxy = 9E35D81D2C0F9E5F00DF87A6 /* PBXContainerItemProxy */;
		};
		9E35D8282C0F9E5F00DF87A6 /* PBXTargetDependency */ = {
			isa = PBXTargetDependency;
			target = 9E35D80B2C0F9E5E00DF87A6 /* CaCl2Manual */;
			targetProxy = 9E35D8272C0F9E5F00DF87A6 /* PBXContainerItemProxy */;
		};
/* End PBXTargetDependency section */

/* Begin XCBuildConfiguration section */
		9E35D82E2C0F9E5F00DF87A6 /* Debug */ = {
			isa = XCBuildConfiguration;
			buildSettings = {
				ALWAYS_SEARCH_USER_PATHS = NO;
				ASSETCATALOG_COMPILER_GENERATE_SWIFT_ASSET_SYMBOL_EXTENSIONS = YES;
				CLANG_ANALYZER_NONNULL = YES;
				CLANG_ANALYZER_NUMBER_OBJECT_CONVERSION = YES_AGGRESSIVE;
				CLANG_CXX_LANGUAGE_STANDARD = "gnu++20";
				CLANG_ENABLE_MODULES = YES;
				CLANG_ENABLE_OBJC_ARC = YES;
				CLANG_ENABLE_OBJC_WEAK = YES;
				CLANG_WARN_BLOCK_CAPTURE_AUTORELEASING = YES;
				CLANG_WARN_BOOL_CONVERSION = YES;
				CLANG_WARN_COMMA = YES;
				CLANG_WARN_CONSTANT_CONVERSION = YES;
				CLANG_WARN_DEPRECATED_OBJC_IMPLEMENTATIONS = YES;
				CLANG_WARN_DIRECT_OBJC_ISA_USAGE = YES_ERROR;
				CLANG_WARN_DOCUMENTATION_COMMENTS = YES;
				CLANG_WARN_EMPTY_BODY = YES;
				CLANG_WARN_ENUM_CONVERSION = YES;
				CLANG_WARN_INFINITE_RECURSION = YES;
				CLANG_WARN_INT_CONVERSION = YES;
				CLANG_WARN_NON_LITERAL_NULL_CONVERSION = YES;
				CLANG_WARN_OBJC_IMPLICIT_RETAIN_SELF = YES;
				CLANG_WARN_OBJC_LITERAL_CONVERSION = YES;
				CLANG_WARN_OBJC_ROOT_CLASS = YES_ERROR;
				CLANG_WARN_QUOTED_INCLUDE_IN_FRAMEWORK_HEADER = YES;
				CLANG_WARN_RANGE_LOOP_ANALYSIS = YES;
				CLANG_WARN_STRICT_PROTOTYPES = YES;
				CLANG_WARN_SUSPICIOUS_MOVE = YES;
				CLANG_WARN_UNGUARDED_AVAILABILITY = YES_AGGRESSIVE;
				CLANG_WARN_UNREACHABLE_CODE = YES;
				CLANG_WARN__DUPLICATE_METHOD_MATCH = YES;
				COPY_PHASE_STRIP = NO;
				DEBUG_INFORMATION_FORMAT = dwarf;
				ENABLE_STRICT_OBJC_MSGSEND = YES;
				ENABLE_TESTABILITY = YES;
				ENABLE_USER_SCRIPT_SANDBOXING = YES;
				GCC_C_LANGUAGE_STANDARD = gnu17;
				GCC_DYNAMIC_NO_PIC = NO;
				GCC_NO_COMMON_BLOCKS = YES;
				GCC_OPTIMIZATION_LEVEL = 0;
				GCC_PREPROCESSOR_DEFINITIONS = (
					"DEBUG=1",
					"$(inherited)",
				);
				GCC_WARN_64_TO_32_BIT_CONVERSION = YES;
				GCC_WARN_ABOUT_RETURN_TYPE = YES_ERROR;
				GCC_WARN_UNDECLARED_SELECTOR = YES;
				GCC_WARN_UNINITIALIZED_AUTOS = YES_AGGRESSIVE;
				GCC_WARN_UNUSED_FUNCTION = YES;
				GCC_WARN_UNUSED_VARIABLE = YES;
				IPHONEOS_DEPLOYMENT_TARGET = 17.5;
				LOCALIZATION_PREFERS_STRING_CATALOGS = YES;
				MTL_ENABLE_DEBUG_INFO = INCLUDE_SOURCE;
				MTL_FAST_MATH = YES;
				ONLY_ACTIVE_ARCH = YES;
				SDKROOT = iphoneos;
				SWIFT_ACTIVE_COMPILATION_CONDITIONS = "DEBUG $(inherited)";
				SWIFT_OPTIMIZATION_LEVEL = "-Onone";
			};
			name = Debug;
		};
		9E35D82F2C0F9E5F00DF87A6 /* Release */ = {
			isa = XCBuildConfiguration;
			buildSettings = {
				ALWAYS_SEARCH_USER_PATHS = NO;
				ASSETCATALOG_COMPILER_GENERATE_SWIFT_ASSET_SYMBOL_EXTENSIONS = YES;
				CLANG_ANALYZER_NONNULL = YES;
				CLANG_ANALYZER_NUMBER_OBJECT_CONVERSION = YES_AGGRESSIVE;
				CLANG_CXX_LANGUAGE_STANDARD = "gnu++20";
				CLANG_ENABLE_MODULES = YES;
				CLANG_ENABLE_OBJC_ARC = YES;
				CLANG_ENABLE_OBJC_WEAK = YES;
				CLANG_WARN_BLOCK_CAPTURE_AUTORELEASING = YES;
				CLANG_WARN_BOOL_CONVERSION = YES;
				CLANG_WARN_COMMA = YES;
				CLANG_WARN_CONSTANT_CONVERSION = YES;
				CLANG_WARN_DEPRECATED_OBJC_IMPLEMENTATIONS = YES;
				CLANG_WARN_DIRECT_OBJC_ISA_USAGE = YES_ERROR;
				CLANG_WARN_DOCUMENTATION_COMMENTS = YES;
				CLANG_WARN_EMPTY_BODY = YES;
				CLANG_WARN_ENUM_CONVERSION = YES;
				CLANG_WARN_INFINITE_RECURSION = YES;
				CLANG_WARN_INT_CONVERSION = YES;
				CLANG_WARN_NON_LITERAL_NULL_CONVERSION = YES;
				CLANG_WARN_OBJC_IMPLICIT_RETAIN_SELF = YES;
				CLANG_WARN_OBJC_LITERAL_CONVERSION = YES;
				CLANG_WARN_OBJC_ROOT_CLASS = YES_ERROR;
				CLANG_WARN_QUOTED_INCLUDE_IN_FRAMEWORK_HEADER = YES;
				CLANG_WARN_RANGE_LOOP_ANALYSIS = YES;
				CLANG_WARN_STRICT_PROTOTYPES = YES;
				CLANG_WARN_SUSPICIOUS_MOVE = YES;
				CLANG_WARN_UNGUARDED_AVAILABILITY = YES_AGGRESSIVE;
				CLANG_WARN_UNREACHABLE_CODE = YES;
				CLANG_WARN__DUPLICATE_METHOD_MATCH = YES;
				COPY_PHASE_STRIP = NO;
				DEBUG_INFORMATION_FORMAT = "dwarf-with-dsym";
				ENABLE_NS_ASSERTIONS = NO;
				ENABLE_STRICT_OBJC_MSGSEND = YES;
				ENABLE_USER_SCRIPT_SANDBOXING = YES;
				GCC_C_LANGUAGE_STANDARD = gnu17;
				GCC_NO_COMMON_BLOCKS = YES;
				GCC_WARN_64_TO_32_BIT_CONVERSION = YES;
				GCC_WARN_ABOUT_RETURN_TYPE = YES_ERROR;
				GCC_WARN_UNDECLARED_SELECTOR = YES;
				GCC_WARN_UNINITIALIZED_AUTOS = YES_AGGRESSIVE;
				GCC_WARN_UNUSED_FUNCTION = YES;
				GCC_WARN_UNUSED_VARIABLE = YES;
				IPHONEOS_DEPLOYMENT_TARGET = 17.5;
				LOCALIZATION_PREFERS_STRING_CATALOGS = YES;
				MTL_ENABLE_DEBUG_INFO = NO;
				MTL_FAST_MATH = YES;
				SDKROOT = iphoneos;
				SWIFT_COMPILATION_MODE = wholemodule;
				VALIDATE_PRODUCT = YES;
			};
			name = Release;
		};
		9E35D8312C0F9E5F00DF87A6 /* Debug */ = {
			isa = XCBuildConfiguration;
			buildSettings = {
				ASSETCATALOG_COMPILER_APPICON_NAME = AppIcon;
				ASSETCATALOG_COMPILER_GLOBAL_ACCENT_COLOR_NAME = AccentColor;
				CODE_SIGN_STYLE = Automatic;
				CURRENT_PROJECT_VERSION = 2;
				DEVELOPMENT_ASSET_PATHS = "\"CaCl2Manual/Preview Content\"";
				DEVELOPMENT_TEAM = XW663QBA75;
				ENABLE_PREVIEWS = YES;
				GENERATE_INFOPLIST_FILE = YES;
				INFOPLIST_KEY_LSApplicationCategoryType = "public.app-category.education";
				INFOPLIST_KEY_UIApplicationSceneManifest_Generation = YES;
				INFOPLIST_KEY_UIApplicationSupportsIndirectInputEvents = YES;
				INFOPLIST_KEY_UILaunchScreen_Generation = YES;
				INFOPLIST_KEY_UIRequiresFullScreen = YES;
				INFOPLIST_KEY_UISupportedInterfaceOrientations = UIInterfaceOrientationPortrait;
				LD_RUNPATH_SEARCH_PATHS = (
					"$(inherited)",
					"@executable_path/Frameworks",
				);
				MARKETING_VERSION = 1.0;
				PRODUCT_BUNDLE_IDENTIFIER = INE.CaCl2Manual.bf;
				PRODUCT_NAME = "$(TARGET_NAME)";
				SWIFT_EMIT_LOC_STRINGS = YES;
				SWIFT_VERSION = 5.0;
				TARGETED_DEVICE_FAMILY = "1,2";
			};
			name = Debug;
		};
		9E35D8322C0F9E5F00DF87A6 /* Release */ = {
			isa = XCBuildConfiguration;
			buildSettings = {
				ASSETCATALOG_COMPILER_APPICON_NAME = AppIcon;
				ASSETCATALOG_COMPILER_GLOBAL_ACCENT_COLOR_NAME = AccentColor;
				CODE_SIGN_STYLE = Automatic;
				CURRENT_PROJECT_VERSION = 2;
				DEVELOPMENT_ASSET_PATHS = "\"CaCl2Manual/Preview Content\"";
				DEVELOPMENT_TEAM = XW663QBA75;
				ENABLE_PREVIEWS = YES;
				GENERATE_INFOPLIST_FILE = YES;
				INFOPLIST_KEY_LSApplicationCategoryType = "public.app-category.education";
				INFOPLIST_KEY_UIApplicationSceneManifest_Generation = YES;
				INFOPLIST_KEY_UIApplicationSupportsIndirectInputEvents = YES;
				INFOPLIST_KEY_UILaunchScreen_Generation = YES;
				INFOPLIST_KEY_UIRequiresFullScreen = YES;
				INFOPLIST_KEY_UISupportedInterfaceOrientations = UIInterfaceOrientationPortrait;
				LD_RUNPATH_SEARCH_PATHS = (
					"$(inherited)",
					"@executable_path/Frameworks",
				);
				MARKETING_VERSION = 1.0;
				PRODUCT_BUNDLE_IDENTIFIER = INE.CaCl2Manual.bf;
				PRODUCT_NAME = "$(TARGET_NAME)";
				SWIFT_EMIT_LOC_STRINGS = YES;
				SWIFT_VERSION = 5.0;
				TARGETED_DEVICE_FAMILY = "1,2";
			};
			name = Release;
		};
		9E35D8342C0F9E5F00DF87A6 /* Debug */ = {
			isa = XCBuildConfiguration;
			buildSettings = {
				ALWAYS_EMBED_SWIFT_STANDARD_LIBRARIES = YES;
				BUNDLE_LOADER = "$(TEST_HOST)";
				"CODE_SIGN_IDENTITY[sdk=macosx*]" = "Apple Development";
				CODE_SIGN_STYLE = Automatic;
				CURRENT_PROJECT_VERSION = 1;
				DEVELOPMENT_TEAM = XW663QBA75;
				GENERATE_INFOPLIST_FILE = YES;
				IPHONEOS_DEPLOYMENT_TARGET = 17.5;
				MARKETING_VERSION = 1.0;
				PRODUCT_BUNDLE_IDENTIFIER = INE.CaCl2ManualTests;
				PRODUCT_NAME = "$(TARGET_NAME)";
				SWIFT_EMIT_LOC_STRINGS = NO;
				SWIFT_VERSION = 5.0;
				TARGETED_DEVICE_FAMILY = "1,2";
				TEST_HOST = "$(BUILT_PRODUCTS_DIR)/CaCl2Manual.app/$(BUNDLE_EXECUTABLE_FOLDER_PATH)/CaCl2Manual";
			};
			name = Debug;
		};
		9E35D8352C0F9E5F00DF87A6 /* Release */ = {
			isa = XCBuildConfiguration;
			buildSettings = {
				ALWAYS_EMBED_SWIFT_STANDARD_LIBRARIES = YES;
				BUNDLE_LOADER = "$(TEST_HOST)";
				"CODE_SIGN_IDENTITY[sdk=macosx*]" = "Apple Development";
				CODE_SIGN_STYLE = Automatic;
				CURRENT_PROJECT_VERSION = 1;
				DEVELOPMENT_TEAM = XW663QBA75;
				GENERATE_INFOPLIST_FILE = YES;
				IPHONEOS_DEPLOYMENT_TARGET = 17.5;
				MARKETING_VERSION = 1.0;
				PRODUCT_BUNDLE_IDENTIFIER = INE.CaCl2ManualTests;
				PRODUCT_NAME = "$(TARGET_NAME)";
				SWIFT_EMIT_LOC_STRINGS = NO;
				SWIFT_VERSION = 5.0;
				TARGETED_DEVICE_FAMILY = "1,2";
				TEST_HOST = "$(BUILT_PRODUCTS_DIR)/CaCl2Manual.app/$(BUNDLE_EXECUTABLE_FOLDER_PATH)/CaCl2Manual";
			};
			name = Release;
		};
		9E35D8372C0F9E5F00DF87A6 /* Debug */ = {
			isa = XCBuildConfiguration;
			buildSettings = {
				ALWAYS_EMBED_SWIFT_STANDARD_LIBRARIES = YES;
				CODE_SIGN_STYLE = Automatic;
				CURRENT_PROJECT_VERSION = 1;
				GENERATE_INFOPLIST_FILE = YES;
				MARKETING_VERSION = 1.0;
				PRODUCT_BUNDLE_IDENTIFIER = INE.CaCl2ManualUITests;
				PRODUCT_NAME = "$(TARGET_NAME)";
				SWIFT_EMIT_LOC_STRINGS = NO;
				SWIFT_VERSION = 5.0;
				TARGETED_DEVICE_FAMILY = "1,2";
				TEST_TARGET_NAME = CaCl2Manual;
			};
			name = Debug;
		};
		9E35D8382C0F9E5F00DF87A6 /* Release */ = {
			isa = XCBuildConfiguration;
			buildSettings = {
				ALWAYS_EMBED_SWIFT_STANDARD_LIBRARIES = YES;
				CODE_SIGN_STYLE = Automatic;
				CURRENT_PROJECT_VERSION = 1;
				GENERATE_INFOPLIST_FILE = YES;
				MARKETING_VERSION = 1.0;
				PRODUCT_BUNDLE_IDENTIFIER = INE.CaCl2ManualUITests;
				PRODUCT_NAME = "$(TARGET_NAME)";
				SWIFT_EMIT_LOC_STRINGS = NO;
				SWIFT_VERSION = 5.0;
				TARGETED_DEVICE_FAMILY = "1,2";
				TEST_TARGET_NAME = CaCl2Manual;
			};
			name = Release;
		};
/* End XCBuildConfiguration section */

/* Begin XCConfigurationList section */
		9E35D8072C0F9E5E00DF87A6 /* Build configuration list for PBXProject "CaCl2Manual" */ = {
			isa = XCConfigurationList;
			buildConfigurations = (
				9E35D82E2C0F9E5F00DF87A6 /* Debug */,
				9E35D82F2C0F9E5F00DF87A6 /* Release */,
			);
			defaultConfigurationIsVisible = 0;
			defaultConfigurationName = Release;
		};
		9E35D8302C0F9E5F00DF87A6 /* Build configuration list for PBXNativeTarget "CaCl2Manual" */ = {
			isa = XCConfigurationList;
			buildConfigurations = (
				9E35D8312C0F9E5F00DF87A6 /* Debug */,
				9E35D8322C0F9E5F00DF87A6 /* Release */,
			);
			defaultConfigurationIsVisible = 0;
			defaultConfigurationName = Release;
		};
		9E35D8332C0F9E5F00DF87A6 /* Build configuration list for PBXNativeTarget "CaCl2ManualTests" */ = {
			isa = XCConfigurationList;
			buildConfigurations = (
				9E35D8342C0F9E5F00DF87A6 /* Debug */,
				9E35D8352C0F9E5F00DF87A6 /* Release */,
			);
			defaultConfigurationIsVisible = 0;
			defaultConfigurationName = Release;
		};
		9E35D8362C0F9E5F00DF87A6 /* Build configuration list for PBXNativeTarget "CaCl2ManualUITests" */ = {
			isa = XCConfigurationList;
			buildConfigurations = (
				9E35D8372C0F9E5F00DF87A6 /* Debug */,
				9E35D8382C0F9E5F00DF87A6 /* Release */,
			);
			defaultConfigurationIsVisible = 0;
			defaultConfigurationName = Release;
		};
/* End XCConfigurationList section */
	};
	rootObject = 9E35D8042C0F9E5E00DF87A6 /* Project object */;
}
